{
  "requires": true,
  "lockfileVersion": 1,
  "dependencies": {
    "run-server": {
      "version": "1.0.6",
      "resolved": "https://registry.npmjs.org/run-server/-/run-server-1.0.6.tgz",
      "integrity": "sha512-4MHsEdmYPuM1oAPCp/omnJCuyWRttRBDxvEt49Ta0oxqclU8VAwgKSGUVlvFzWXUol5F2JWYaIbCT5q8ViIRIA=="
    }
  }
}
